// !$*UTF8*$!
{
	archiveVersion = 1;
	classes = {
	};
	objectVersion = 46;
	objects = {

/* Begin PBXBuildFile section */
		926F14B21C1D559F008FB079 /* AppDelegate.swift in Sources */ = {isa = PBXBuildFile; fileRef = 926F14A91C1D559F008FB079 /* AppDelegate.swift */; };
		926F14B31C1D559F008FB079 /* Assets.xcassets in Resources */ = {isa = PBXBuildFile; fileRef = 926F14AA1C1D559F008FB079 /* Assets.xcassets */; };
		926F14B41C1D559F008FB079 /* LaunchScreen.storyboard in Resources */ = {isa = PBXBuildFile; fileRef = 926F14AB1C1D559F008FB079 /* LaunchScreen.storyboard */; };
		926F14B51C1D559F008FB079 /* Main.storyboard in Resources */ = {isa = PBXBuildFile; fileRef = 926F14AD1C1D559F008FB079 /* Main.storyboard */; };
		926F14B61C1D559F008FB079 /* Info.plist in Resources */ = {isa = PBXBuildFile; fileRef = 926F14B01C1D559F008FB079 /* Info.plist */; };
		926F14B71C1D559F008FB079 /* ViewController.swift in Sources */ = {isa = PBXBuildFile; fileRef = 926F14B11C1D559F008FB079 /* ViewController.swift */; };
		926F14BD1C1D576C008FB079 /* FTWCache.swift in Sources */ = {isa = PBXBuildFile; fileRef = 926F14BC1C1D576C008FB079 /* FTWCache.swift */; };
/* End PBXBuildFile section */

/* Begin PBXFileReference section */
		926DC5411C1CA06400FDFF1A /* FTWCache.app */ = {isa = PBXFileReference; explicitFileType = wrapper.application; includeInIndex = 0; path = FTWCache.app; sourceTree = BUILT_PRODUCTS_DIR; };
		926F14A91C1D559F008FB079 /* AppDelegate.swift */ = {isa = PBXFileReference; fileEncoding = 4; lastKnownFileType = sourcecode.swift; path = AppDelegate.swift; sourceTree = "<group>"; };
		926F14AA1C1D559F008FB079 /* Assets.xcassets */ = {isa = PBXFileReference; lastKnownFileType = folder.assetcatalog; path = Assets.xcassets; sourceTree = "<group>"; };
		926F14AC1C1D559F008FB079 /* Base */ = {isa = PBXFileReference; lastKnownFileType = file.storyboard; name = Base; path = Base.lproj/LaunchScreen.storyboard; sourceTree = "<group>"; };
		926F14AE1C1D559F008FB079 /* Base */ = {isa = PBXFileReference; lastKnownFileType = file.storyboard; name = Base; path = Base.lproj/Main.storyboard; sourceTree = "<group>"; };
		926F14AF1C1D559F008FB079 /* FTWCache-Bridging-Header.h */ = {isa = PBXFileReference; fileEncoding = 4; lastKnownFileType = sourcecode.c.h; path = "FTWCache-Bridging-Header.h"; sourceTree = "<group>"; };
		926F14B01C1D559F008FB079 /* Info.plist */ = {isa = PBXFileReference; fileEncoding = 4; lastKnownFileType = text.plist.xml; path = Info.plist; sourceTree = "<group>"; };
		926F14B11C1D559F008FB079 /* ViewController.swift */ = {isa = PBXFileReference; fileEncoding = 4; lastKnownFileType = sourcecode.swift; path = ViewController.swift; sourceTree = "<group>"; };
		926F14BC1C1D576C008FB079 /* FTWCache.swift */ = {isa = PBXFileReference; fileEncoding = 4; lastKnownFileType = sourcecode.swift; path = FTWCache.swift; sourceTree = "<group>"; };
/* End PBXFileReference section */

/* Begin PBXFrameworksBuildPhase section */
		926DC53E1C1CA06400FDFF1A /* Frameworks */ = {
			isa = PBXFrameworksBuildPhase;
			buildActionMask = 2147483647;
			files = (
			);
			runOnlyForDeploymentPostprocessing = 0;
		};
/* End PBXFrameworksBuildPhase section */

/* Begin PBXGroup section */
		926DC5381C1CA06400FDFF1A = {
			isa = PBXGroup;
			children = (
				926F14BB1C1D576C008FB079 /* FTWCache */,
				926F14A81C1D559F008FB079 /* FTWCacheDemo */,
				926DC5421C1CA06400FDFF1A /* Products */,
			);
			sourceTree = "<group>";
		};
		926DC5421C1CA06400FDFF1A /* Products */ = {
			isa = PBXGroup;
			children = (
				926DC5411C1CA06400FDFF1A /* FTWCache.app */,
			);
			name = Products;
			sourceTree = "<group>";
		};
		926F14A81C1D559F008FB079 /* FTWCacheDemo */ = {
			isa = PBXGroup;
			children = (
				926F14A91C1D559F008FB079 /* AppDelegate.swift */,
				926F14AA1C1D559F008FB079 /* Assets.xcassets */,
				926F14AB1C1D559F008FB079 /* LaunchScreen.storyboard */,
				926F14AD1C1D559F008FB079 /* Main.storyboard */,
				926F14AF1C1D559F008FB079 /* FTWCache-Bridging-Header.h */,
				926F14B01C1D559F008FB079 /* Info.plist */,
				926F14B11C1D559F008FB079 /* ViewController.swift */,
			);
			path = FTWCacheDemo;
			sourceTree = "<group>";
		};
		926F14BB1C1D576C008FB079 /* FTWCache */ = {
			isa = PBXGroup;
			children = (
				926F14BC1C1D576C008FB079 /* FTWCache.swift */,
			);
			path = FTWCache;
			sourceTree = "<group>";
		};
/* End PBXGroup section */

/* Begin PBXNativeTarget section */
		926DC5401C1CA06400FDFF1A /* FTWCache */ = {
			isa = PBXNativeTarget;
			buildConfigurationList = 926DC5531C1CA06400FDFF1A /* Build configuration list for PBXNativeTarget "FTWCache" */;
			buildPhases = (
				926DC53D1C1CA06400FDFF1A /* Sources */,
				926DC53E1C1CA06400FDFF1A /* Frameworks */,
				926DC53F1C1CA06400FDFF1A /* Resources */,
			);
			buildRules = (
			);
			dependencies = (
			);
			name = FTWCache;
			productName = FTWCache;
			productReference = 926DC5411C1CA06400FDFF1A /* FTWCache.app */;
			productType = "com.apple.product-type.application";
		};
/* End PBXNativeTarget section */

/* Begin PBXProject section */
		926DC5391C1CA06400FDFF1A /* Project object */ = {
			isa = PBXProject;
			attributes = {
				LastSwiftUpdateCheck = 0720;
				LastUpgradeCheck = 0720;
				ORGANIZATIONNAME = "Kiet Nguyen";
				TargetAttributes = {
					926DC5401C1CA06400FDFF1A = {
						CreatedOnToolsVersion = 7.2;
					};
				};
			};
			buildConfigurationList = 926DC53C1C1CA06400FDFF1A /* Build configuration list for PBXProject "FTWCache" */;
			compatibilityVersion = "Xcode 3.2";
			developmentRegion = English;
			hasScannedForEncodings = 0;
			knownRegions = (
				en,
				Base,
			);
			mainGroup = 926DC5381C1CA06400FDFF1A;
			productRefGroup = 926DC5421C1CA06400FDFF1A /* Products */;
			projectDirPath = "";
			projectRoot = "";
			targets = (
				926DC5401C1CA06400FDFF1A /* FTWCache */,
			);
		};
/* End PBXProject section */

/* Begin PBXResourcesBuildPhase section */
		926DC53F1C1CA06400FDFF1A /* Resources */ = {
			isa = PBXResourcesBuildPhase;
			buildActionMask = 2147483647;
			files = (
				926F14B61C1D559F008FB079 /* Info.plist in Resources */,
				926F14B51C1D559F008FB079 /* Main.storyboard in Resources */,
				926F14B31C1D559F008FB079 /* Assets.xcassets in Resources */,
				926F14B41C1D559F008FB079 /* LaunchScreen.storyboard in Resources */,
			);
			runOnlyForDeploymentPostprocessing = 0;
		};
/* End PBXResourcesBuildPhase section */

/* Begin PBXSourcesBuildPhase section */
		926DC53D1C1CA06400FDFF1A /* Sources */ = {
			isa = PBXSourcesBuildPhase;
			buildActionMask = 2147483647;
			files = (
				926F14B71C1D559F008FB079 /* ViewController.swift in Sources */,
				926F14BD1C1D576C008FB079 /* FTWCache.swift in Sources */,
				926F14B21C1D559F008FB079 /* AppDelegate.swift in Sources */,
			);
			runOnlyForDeploymentPostprocessing = 0;
		};
/* End PBXSourcesBuildPhase section */

/* Begin PBXVariantGroup section */
		926F14AB1C1D559F008FB079 /* LaunchScreen.storyboard */ = {
			isa = PBXVariantGroup;
			children = (
				926F14AC1C1D559F008FB079 /* Base */,
			);
			name = LaunchScreen.storyboard;
			sourceTree = "<group>";
		};
		926F14AD1C1D559F008FB079 /* Main.storyboard */ = {
			isa = PBXVariantGroup;
			children = (
				926F14AE1C1D559F008FB079 /* Base */,
			);
			name = Main.storyboard;
			sourceTree = "<group>";
		};
/* End PBXVariantGroup section */

/* Begin XCBuildConfiguration section */
		926DC5511C1CA06400FDFF1A /* Debug */ = {
			isa = XCBuildConfiguration;
			buildSettings = {
				ALWAYS_SEARCH_USER_PATHS = NO;
				CLANG_CXX_LANGUAGE_STANDARD = "gnu++0x";
				CLANG_CXX_LIBRARY = "libc++";
				CLANG_ENABLE_MODULES = YES;
				CLANG_ENABLE_OBJC_ARC = YES;
				CLANG_WARN_BOOL_CONVERSION = YES;
				CLANG_WARN_CONSTANT_CONVERSION = YES;
				CLANG_WARN_DIRECT_OBJC_ISA_USAGE = YES_ERROR;
				CLANG_WARN_EMPTY_BODY = YES;
				CLANG_WARN_ENUM_CONVERSION = YES;
				CLANG_WARN_INT_CONVERSION = YES;
				CLANG_WARN_OBJC_ROOT_CLASS = YES_ERROR;
				CLANG_WARN_UNREACHABLE_CODE = YES;
				CLANG_WARN__DUPLICATE_METHOD_MATCH = YES;
				"CODE_SIGN_IDENTITY[sdk=iphoneos*]" = "iPhone Developer";
				COPY_PHASE_STRIP = NO;
				DEBUG_INFORMATION_FORMAT = dwarf;
				ENABLE_STRICT_OBJC_MSGSEND = YES;
				ENABLE_TESTABILITY = YES;
				GCC_C_LANGUAGE_STANDARD = gnu99;
				GCC_DYNAMIC_NO_PIC = NO;
				GCC_NO_COMMON_BLOCKS = YES;
				GCC_OPTIMIZATION_LEVEL = 0;
				GCC_PREPROCESSOR_DEFINITIONS = (
					"DEBUG=1",
					"$(inherited)",
				);
				GCC_WARN_64_TO_32_BIT_CONVERSION = YES;
				GCC_WARN_ABOUT_RETURN_TYPE = YES_ERROR;
				GCC_WARN_UNDECLARED_SELECTOR = YES;
				GCC_WARN_UNINITIALIZED_AUTOS = YES_AGGRESSIVE;
				GCC_WARN_UNUSED_FUNCTION = YES;
				GCC_WARN_UNUSED_VARIABLE = YES;
				IPHONEOS_DEPLOYMENT_TARGET = 8.0;
				MTL_ENABLE_DEBUG_INFO = YES;
				ONLY_ACTIVE_ARCH = YES;
				SDKROOT = iphoneos;
				SWIFT_OPTIMIZATION_LEVEL = "-Onone";
			};
			name = Debug;
		};
		926DC5521C1CA06400FDFF1A /* Release */ = {
			isa = XCBuildConfiguration;
			buildSettings = {
				ALWAYS_SEARCH_USER_PATHS = NO;
				CLANG_CXX_LANGUAGE_STANDARD = "gnu++0x";
				CLANG_CXX_LIBRARY = "libc++";
				CLANG_ENABLE_MODULES = YES;
				CLANG_ENABLE_OBJC_ARC = YES;
				CLANG_WARN_BOOL_CONVERSION = YES;
				CLANG_WARN_CONSTANT_CONVERSION = YES;
				CLANG_WARN_DIRECT_OBJC_ISA_USAGE = YES_ERROR;
				CLANG_WARN_EMPTY_BODY = YES;
				CLANG_WARN_ENUM_CONVERSION = YES;
				CLANG_WARN_INT_CONVERSION = YES;
				CLANG_WARN_OBJC_ROOT_CLASS = YES_ERROR;
				CLANG_WARN_UNREACHABLE_CODE = YES;
				CLANG_WARN__DUPLICATE_METHOD_MATCH = YES;
				"CODE_SIGN_IDENTITY[sdk=iphoneos*]" = "iPhone Developer";
				COPY_PHASE_STRIP = NO;
				DEBUG_INFORMATION_FORMAT = "dwarf-with-dsym";
				ENABLE_NS_ASSERTIONS = NO;
				ENABLE_STRICT_OBJC_MSGSEND = YES;
				GCC_C_LANGUAGE_STANDARD = gnu99;
				GCC_NO_COMMON_BLOCKS = YES;
				GCC_WARN_64_TO_32_BIT_CONVERSION = YES;
				GCC_WARN_ABOUT_RETURN_TYPE = YES_ERROR;
				GCC_WARN_UNDECLARED_SELECTOR = YES;
				GCC_WARN_UNINITIALIZED_AUTOS = YES_AGGRESSIVE;
				GCC_WARN_UNUSED_FUNCTION = YES;
				GCC_WARN_UNUSED_VARIABLE = YES;
				IPHONEOS_DEPLOYMENT_TARGET = 8.0;
				MTL_ENABLE_DEBUG_INFO = NO;
				SDKROOT = iphoneos;
				VALIDATE_PRODUCT = YES;
			};
			name = Release;
		};
		926DC5541C1CA06400FDFF1A /* Debug */ = {
			isa = XCBuildConfiguration;
			buildSettings = {
				ASSETCATALOG_COMPILER_APPICON_NAME = AppIcon;
				INFOPLIST_FILE = FTWCacheDemo/Info.plist;
				IPHONEOS_DEPLOYMENT_TARGET = 8.0;
				LD_RUNPATH_SEARCH_PATHS = "$(inherited) @executable_path/Frameworks";
				PRODUCT_BUNDLE_IDENTIFIER = com.kietnguyen.FTWCache;
				PRODUCT_NAME = "$(TARGET_NAME)";
				SWIFT_OBJC_BRIDGING_HEADER = "FTWCacheDemo/FTWCache-Bridging-Header.h";
			};
			name = Debug;
		};
		926DC5551C1CA06400FDFF1A /* Release */ = {
			isa = XCBuildConfiguration;
			buildSettings = {
				ASSETCATALOG_COMPILER_APPICON_NAME = AppIcon;
				INFOPLIST_FILE = FTWCacheDemo/Info.plist;
				IPHONEOS_DEPLOYMENT_TARGET = 8.0;
				LD_RUNPATH_SEARCH_PATHS = "$(inherited) @executable_path/Frameworks";
				PRODUCT_BUNDLE_IDENTIFIER = com.kietnguyen.FTWCache;
				PRODUCT_NAME = "$(TARGET_NAME)";
				SWIFT_OBJC_BRIDGING_HEADER = "FTWCacheDemo/FTWCache-Bridging-Header.h";
			};
			name = Release;
		};
/* End XCBuildConfiguration section */

/* Begin XCConfigurationList section */
		926DC53C1C1CA06400FDFF1A /* Build configuration list for PBXProject "FTWCache" */ = {
			isa = XCConfigurationList;
			buildConfigurations = (
				926DC5511C1CA06400FDFF1A /* Debug */,
				926DC5521C1CA06400FDFF1A /* Release */,
			);
			defaultConfigurationIsVisible = 0;
			defaultConfigurationName = Release;
		};
		926DC5531C1CA06400FDFF1A /* Build configuration list for PBXNativeTarget "FTWCache" */ = {
			isa = XCConfigurationList;
			buildConfigurations = (
				926DC5541C1CA06400FDFF1A /* Debug */,
				926DC5551C1CA06400FDFF1A /* Release */,
			);
			defaultConfigurationIsVisible = 0;
			defaultConfigurationName = Release;
		};
/* End XCConfigurationList section */
	};
	rootObject = 926DC5391C1CA06400FDFF1A /* Project object */;
}
